{
  "requires": true,
  "lockfileVersion": 1,
  "dependencies": {
    "@chaitanyapotti/random-id": {
      "version": "1.0.3",
      "resolved": "https://registry.npmjs.org/@chaitanyapotti/random-id/-/random-id-1.0.3.tgz",
      "integrity": "sha512-xiVWA2vTL3jQeuZ+yebXAtwIeEbh/13RAFxvRq0YxeUc02RBOGyC9eyDKXjwlN0uxPtnEwWxsELkSwnaH5kxjg=="
    }
  }
}
