{
  "requires": true,
  "lockfileVersion": 1,
  "dependencies": {
    "@chaitanyapotti/random-id": {
      "version": "1.0.3",
      "resolved": "https://registry.npmjs.org/@chaitanyapotti/random-id/-/random-id-1.0.3.tgz",
      "integrity": "sha512-xiVWA2vTL3jQeuZ+yebXAtwIeEbh/13RAFxvRq0YxeUc02RBOGyC9eyDKXjwlN0uxPtnEwWxsELkSwnaH5kxjg=="
    },
    "awesome-phonenumber": {
      "version": "2.26.0",
      "resolved": "https://registry.npmjs.org/awesome-phonenumber/-/awesome-phonenumber-2.26.0.tgz",
      "integrity": "sha512-lYP9NX/G8DGPjsyOL/cq3wIqCcOxm//CkpDZZreHZogsB4zL0euv6sf1AmpuSAyoX4phYFWFEAaUSeAfyLCfZw=="
    },
    "vue-tel-input": {
      "version": "4.3.0",
      "resolved": "https://registry.npmjs.org/vue-tel-input/-/vue-tel-input-4.3.0.tgz",
      "integrity": "sha512-l2FHH6AU+ns5OG6nAZ0zbbs5IXAc0y0/pfB4qmLFgBs8DL4A7Gvm9UCZQ3gQ2Hb8LkQEB+tFRNWhvONSs2FO4Q==",
      "requires": {
        "awesome-phonenumber": "^2.15.0"
      }
    }
  }
}
